
Microsoft Visual Studio Solution File, Format Version 12.00
# Visual Studio 15
VisualStudioVersion = 15.0.27130.2010
MinimumVisualStudioVersion = 10.0.40219.1
Project("{FAE04EC0-301F-11D3-BF4B-00C04F79EFBC}") = "TabbedPage_Remove.Android", "TabbedPage_Remove\TabbedPage_Remove.Android\TabbedPage_Remove.Android.csproj", "{F95B18AF-22FA-41D8-9245-43FC371946A6}"
EndProject
Project("{FAE04EC0-301F-11D3-BF4B-00C04F79EFBC}") = "TabbedPage_Remove.iOS", "TabbedPage_Remove\TabbedPage_Remove.iOS\TabbedPage_Remove.iOS.csproj", "{A816DDD6-B0F4-4C0A-81D3-E0663087B3B0}"
EndProject
Project("{FAE04EC0-301F-11D3-BF4B-00C04F79EFBC}") = "TabbedPage_Remove.UWP", "TabbedPage_Remove\TabbedPage_Remove.UWP\TabbedPage_Remove.UWP.csproj", "{12DA9608-0A57-4359-8588-810D8799755E}"
EndProject
Project("{FAE04EC0-301F-11D3-BF4B-00C04F79EFBC}") = "TabbedPage_Remove", "TabbedPage_Remove\TabbedPage_Remove\TabbedPage_Remove.csproj", "{B649B70C-4761-4956-BC46-77F7D45B546C}"
EndProject
Global
	GlobalSection(SolutionConfigurationPlatforms) = preSolution
		Ad-Hoc|Any CPU = Ad-Hoc|Any CPU
		Ad-Hoc|ARM = Ad-Hoc|ARM
		Ad-Hoc|iPhone = Ad-Hoc|iPhone
		Ad-Hoc|iPhoneSimulator = Ad-Hoc|iPhoneSimulator
		Ad-Hoc|x64 = Ad-Hoc|x64
		Ad-Hoc|x86 = Ad-Hoc|x86
		AppStore|Any CPU = AppStore|Any CPU
		AppStore|ARM = AppStore|ARM
		AppStore|iPhone = AppStore|iPhone
		AppStore|iPhoneSimulator = AppStore|iPhoneSimulator
		AppStore|x64 = AppStore|x64
		AppStore|x86 = AppStore|x86
		Debug|Any CPU = Debug|Any CPU
		Debug|ARM = Debug|ARM
		Debug|iPhone = Debug|iPhone
		Debug|iPhoneSimulator = Debug|iPhoneSimulator
		Debug|x64 = Debug|x64
		Debug|x86 = Debug|x86
		Release|Any CPU = Release|Any CPU
		Release|ARM = Release|ARM
		Release|iPhone = Release|iPhone
		Release|iPhoneSimulator = Release|iPhoneSimulator
		Release|x64 = Release|x64
		Release|x86 = Release|x86
	EndGlobalSection
	GlobalSection(ProjectConfigurationPlatforms) = postSolution
		{F95B18AF-22FA-41D8-9245-43FC371946A6}.Ad-Hoc|Any CPU.ActiveCfg = Release|Any CPU
		{F95B18AF-22FA-41D8-9245-43FC371946A6}.Ad-Hoc|Any CPU.Build.0 = Release|Any CPU
		{F95B18AF-22FA-41D8-9245-43FC371946A6}.Ad-Hoc|Any CPU.Deploy.0 = Release|Any CPU
		{F95B18AF-22FA-41D8-9245-43FC371946A6}.Ad-Hoc|ARM.ActiveCfg = Release|Any CPU
		{F95B18AF-22FA-41D8-9245-43FC371946A6}.Ad-Hoc|ARM.Build.0 = Release|Any CPU
		{F95B18AF-22FA-41D8-9245-43FC371946A6}.Ad-Hoc|ARM.Deploy.0 = Release|Any CPU
		{F95B18AF-22FA-41D8-9245-43FC371946A6}.Ad-Hoc|iPhone.ActiveCfg = Release|Any CPU
		{F95B18AF-22FA-41D8-9245-43FC371946A6}.Ad-Hoc|iPhone.Build.0 = Release|Any CPU
		{F95B18AF-22FA-41D8-9245-43FC371946A6}.Ad-Hoc|iPhone.Deploy.0 = Release|Any CPU
		{F95B18AF-22FA-41D8-9245-43FC371946A6}.Ad-Hoc|iPhoneSimulator.ActiveCfg = Release|Any CPU
		{F95B18AF-22FA-41D8-9245-43FC371946A6}.Ad-Hoc|iPhoneSimulator.Build.0 = Release|Any CPU
		{F95B18AF-22FA-41D8-9245-43FC371946A6}.Ad-Hoc|iPhoneSimulator.Deploy.0 = Release|Any CPU
		{F95B18AF-22FA-41D8-9245-43FC371946A6}.Ad-Hoc|x64.ActiveCfg = Release|Any CPU
		{F95B18AF-22FA-41D8-9245-43FC371946A6}.Ad-Hoc|x64.Build.0 = Release|Any CPU
		{F95B18AF-22FA-41D8-9245-43FC371946A6}.Ad-Hoc|x64.Deploy.0 = Release|Any CPU
		{F95B18AF-22FA-41D8-9245-43FC371946A6}.Ad-Hoc|x86.ActiveCfg = Release|Any CPU
		{F95B18AF-22FA-41D8-9245-43FC371946A6}.Ad-Hoc|x86.Build.0 = Release|Any CPU
		{F95B18AF-22FA-41D8-9245-43FC371946A6}.Ad-Hoc|x86.Deploy.0 = Release|Any CPU
		{F95B18AF-22FA-41D8-9245-43FC371946A6}.AppStore|Any CPU.ActiveCfg = Release|Any CPU
		{F95B18AF-22FA-41D8-9245-43FC371946A6}.AppStore|Any CPU.Build.0 = Release|Any CPU
		{F95B18AF-22FA-41D8-9245-43FC371946A6}.AppStore|Any CPU.Deploy.0 = Release|Any CPU
		{F95B18AF-22FA-41D8-9245-43FC371946A6}.AppStore|ARM.ActiveCfg = Release|Any CPU
		{F95B18AF-22FA-41D8-9245-43FC371946A6}.AppStore|ARM.Build.0 = Release|Any CPU
		{F95B18AF-22FA-41D8-9245-43FC371946A6}.AppStore|ARM.Deploy.0 = Release|Any CPU
		{F95B18AF-22FA-41D8-9245-43FC371946A6}.AppStore|iPhone.ActiveCfg = Release|Any CPU
		{F95B18AF-22FA-41D8-9245-43FC371946A6}.AppStore|iPhone.Build.0 = Release|Any CPU
		{F95B18AF-22FA-41D8-9245-43FC371946A6}.AppStore|iPhone.Deploy.0 = Release|Any CPU
		{F95B18AF-22FA-41D8-9245-43FC371946A6}.AppStore|iPhoneSimulator.ActiveCfg = Release|Any CPU
		{F95B18AF-22FA-41D8-9245-43FC371946A6}.AppStore|iPhoneSimulator.Build.0 = Release|Any CPU
		{F95B18AF-22FA-41D8-9245-43FC371946A6}.AppStore|iPhoneSimulator.Deploy.0 = Release|Any CPU
		{F95B18AF-22FA-41D8-9245-43FC371946A6}.AppStore|x64.ActiveCfg = Release|Any CPU
		{F95B18AF-22FA-41D8-9245-43FC371946A6}.AppStore|x64.Build.0 = Release|Any CPU
		{F95B18AF-22FA-41D8-9245-43FC371946A6}.AppStore|x64.Deploy.0 = Release|Any CPU
		{F95B18AF-22FA-41D8-9245-43FC371946A6}.AppStore|x86.ActiveCfg = Release|Any CPU
		{F95B18AF-22FA-41D8-9245-43FC371946A6}.AppStore|x86.Build.0 = Release|Any CPU
		{F95B18AF-22FA-41D8-9245-43FC371946A6}.AppStore|x86.Deploy.0 = Release|Any CPU
		{F95B18AF-22FA-41D8-9245-43FC371946A6}.Debug|Any CPU.ActiveCfg = Debug|Any CPU
		{F95B18AF-22FA-41D8-9245-43FC371946A6}.Debug|Any CPU.Build.0 = Debug|Any CPU
		{F95B18AF-22FA-41D8-9245-43FC371946A6}.Debug|Any CPU.Deploy.0 = Debug|Any CPU
		{F95B18AF-22FA-41D8-9245-43FC371946A6}.Debug|ARM.ActiveCfg = Debug|Any CPU
		{F95B18AF-22FA-41D8-9245-43FC371946A6}.Debug|ARM.Build.0 = Debug|Any CPU
		{F95B18AF-22FA-41D8-9245-43FC371946A6}.Debug|ARM.Deploy.0 = Debug|Any CPU
		{F95B18AF-22FA-41D8-9245-43FC371946A6}.Debug|iPhone.ActiveCfg = Debug|Any CPU
		{F95B18AF-22FA-41D8-9245-43FC371946A6}.Debug|iPhone.Build.0 = Debug|Any CPU
		{F95B18AF-22FA-41D8-9245-43FC371946A6}.Debug|iPhone.Deploy.0 = Debug|Any CPU
		{F95B18AF-22FA-41D8-9245-43FC371946A6}.Debug|iPhoneSimulator.ActiveCfg = Debug|Any CPU
		{F95B18AF-22FA-41D8-9245-43FC371946A6}.Debug|iPhoneSimulator.Build.0 = Debug|Any CPU
		{F95B18AF-22FA-41D8-9245-43FC371946A6}.Debug|iPhoneSimulator.Deploy.0 = Debug|Any CPU
		{F95B18AF-22FA-41D8-9245-43FC371946A6}.Debug|x64.ActiveCfg = Debug|Any CPU
		{F95B18AF-22FA-41D8-9245-43FC371946A6}.Debug|x64.Build.0 = Debug|Any CPU
		{F95B18AF-22FA-41D8-9245-43FC371946A6}.Debug|x64.Deploy.0 = Debug|Any CPU
		{F95B18AF-22FA-41D8-9245-43FC371946A6}.Debug|x86.ActiveCfg = Debug|Any CPU
		{F95B18AF-22FA-41D8-9245-43FC371946A6}.Debug|x86.Build.0 = Debug|Any CPU
		{F95B18AF-22FA-41D8-9245-43FC371946A6}.Debug|x86.Deploy.0 = Debug|Any CPU
		{F95B18AF-22FA-41D8-9245-43FC371946A6}.Release|Any CPU.ActiveCfg = Release|Any CPU
		{F95B18AF-22FA-41D8-9245-43FC371946A6}.Release|Any CPU.Build.0 = Release|Any CPU
		{F95B18AF-22FA-41D8-9245-43FC371946A6}.Release|Any CPU.Deploy.0 = Release|Any CPU
		{F95B18AF-22FA-41D8-9245-43FC371946A6}.Release|ARM.ActiveCfg = Release|Any CPU
		{F95B18AF-22FA-41D8-9245-43FC371946A6}.Release|ARM.Build.0 = Release|Any CPU
		{F95B18AF-22FA-41D8-9245-43FC371946A6}.Release|ARM.Deploy.0 = Release|Any CPU
		{F95B18AF-22FA-41D8-9245-43FC371946A6}.Release|iPhone.ActiveCfg = Release|Any CPU
		{F95B18AF-22FA-41D8-9245-43FC371946A6}.Release|iPhone.Build.0 = Release|Any CPU
		{F95B18AF-22FA-41D8-9245-43FC371946A6}.Release|iPhone.Deploy.0 = Release|Any CPU
		{F95B18AF-22FA-41D8-9245-43FC371946A6}.Release|iPhoneSimulator.ActiveCfg = Release|Any CPU
		{F95B18AF-22FA-41D8-9245-43FC371946A6}.Release|iPhoneSimulator.Build.0 = Release|Any CPU
		{F95B18AF-22FA-41D8-9245-43FC371946A6}.Release|iPhoneSimulator.Deploy.0 = Release|Any CPU
		{F95B18AF-22FA-41D8-9245-43FC371946A6}.Release|x64.ActiveCfg = Release|Any CPU
		{F95B18AF-22FA-41D8-9245-43FC371946A6}.Release|x64.Build.0 = Release|Any CPU
		{F95B18AF-22FA-41D8-9245-43FC371946A6}.Release|x64.Deploy.0 = Release|Any CPU
		{F95B18AF-22FA-41D8-9245-43FC371946A6}.Release|x86.ActiveCfg = Release|Any CPU
		{F95B18AF-22FA-41D8-9245-43FC371946A6}.Release|x86.Build.0 = Release|Any CPU
		{F95B18AF-22FA-41D8-9245-43FC371946A6}.Release|x86.Deploy.0 = Release|Any CPU
		{A816DDD6-B0F4-4C0A-81D3-E0663087B3B0}.Ad-Hoc|Any CPU.ActiveCfg = Ad-Hoc|iPhone
		{A816DDD6-B0F4-4C0A-81D3-E0663087B3B0}.Ad-Hoc|ARM.ActiveCfg = Ad-Hoc|iPhone
		{A816DDD6-B0F4-4C0A-81D3-E0663087B3B0}.Ad-Hoc|iPhone.ActiveCfg = Ad-Hoc|iPhone
		{A816DDD6-B0F4-4C0A-81D3-E0663087B3B0}.Ad-Hoc|iPhone.Build.0 = Ad-Hoc|iPhone
		{A816DDD6-B0F4-4C0A-81D3-E0663087B3B0}.Ad-Hoc|iPhoneSimulator.ActiveCfg = Ad-Hoc|iPhoneSimulator
		{A816DDD6-B0F4-4C0A-81D3-E0663087B3B0}.Ad-Hoc|iPhoneSimulator.Build.0 = Ad-Hoc|iPhoneSimulator
		{A816DDD6-B0F4-4C0A-81D3-E0663087B3B0}.Ad-Hoc|x64.ActiveCfg = Ad-Hoc|iPhone
		{A816DDD6-B0F4-4C0A-81D3-E0663087B3B0}.Ad-Hoc|x86.ActiveCfg = Ad-Hoc|iPhone
		{A816DDD6-B0F4-4C0A-81D3-E0663087B3B0}.AppStore|Any CPU.ActiveCfg = AppStore|iPhone
		{A816DDD6-B0F4-4C0A-81D3-E0663087B3B0}.AppStore|ARM.ActiveCfg = AppStore|iPhone
		{A816DDD6-B0F4-4C0A-81D3-E0663087B3B0}.AppStore|iPhone.ActiveCfg = AppStore|iPhone
		{A816DDD6-B0F4-4C0A-81D3-E0663087B3B0}.AppStore|iPhone.Build.0 = AppStore|iPhone
		{A816DDD6-B0F4-4C0A-81D3-E0663087B3B0}.AppStore|iPhoneSimulator.ActiveCfg = AppStore|iPhoneSimulator
		{A816DDD6-B0F4-4C0A-81D3-E0663087B3B0}.AppStore|iPhoneSimulator.Build.0 = AppStore|iPhoneSimulator
		{A816DDD6-B0F4-4C0A-81D3-E0663087B3B0}.AppStore|x64.ActiveCfg = AppStore|iPhone
		{A816DDD6-B0F4-4C0A-81D3-E0663087B3B0}.AppStore|x86.ActiveCfg = AppStore|iPhone
		{A816DDD6-B0F4-4C0A-81D3-E0663087B3B0}.Debug|Any CPU.ActiveCfg = Debug|iPhone
		{A816DDD6-B0F4-4C0A-81D3-E0663087B3B0}.Debug|ARM.ActiveCfg = Debug|iPhone
		{A816DDD6-B0F4-4C0A-81D3-E0663087B3B0}.Debug|iPhone.ActiveCfg = Debug|iPhone
		{A816DDD6-B0F4-4C0A-81D3-E0663087B3B0}.Debug|iPhone.Build.0 = Debug|iPhone
		{A816DDD6-B0F4-4C0A-81D3-E0663087B3B0}.Debug|iPhoneSimulator.ActiveCfg = Debug|iPhoneSimulator
		{A816DDD6-B0F4-4C0A-81D3-E0663087B3B0}.Debug|iPhoneSimulator.Build.0 = Debug|iPhoneSimulator
		{A816DDD6-B0F4-4C0A-81D3-E0663087B3B0}.Debug|x64.ActiveCfg = Debug|iPhone
		{A816DDD6-B0F4-4C0A-81D3-E0663087B3B0}.Debug|x86.ActiveCfg = Debug|iPhone
		{A816DDD6-B0F4-4C0A-81D3-E0663087B3B0}.Release|Any CPU.ActiveCfg = Release|iPhone
		{A816DDD6-B0F4-4C0A-81D3-E0663087B3B0}.Release|ARM.ActiveCfg = Release|iPhone
		{A816DDD6-B0F4-4C0A-81D3-E0663087B3B0}.Release|iPhone.ActiveCfg = Release|iPhone
		{A816DDD6-B0F4-4C0A-81D3-E0663087B3B0}.Release|iPhone.Build.0 = Release|iPhone
		{A816DDD6-B0F4-4C0A-81D3-E0663087B3B0}.Release|iPhoneSimulator.ActiveCfg = Release|iPhoneSimulator
		{A816DDD6-B0F4-4C0A-81D3-E0663087B3B0}.Release|iPhoneSimulator.Build.0 = Release|iPhoneSimulator
		{A816DDD6-B0F4-4C0A-81D3-E0663087B3B0}.Release|x64.ActiveCfg = Release|iPhone
		{A816DDD6-B0F4-4C0A-81D3-E0663087B3B0}.Release|x86.ActiveCfg = Release|iPhone
		{12DA9608-0A57-4359-8588-810D8799755E}.Ad-Hoc|Any CPU.ActiveCfg = Release|x86
		{12DA9608-0A57-4359-8588-810D8799755E}.Ad-Hoc|Any CPU.Build.0 = Release|x86
		{12DA9608-0A57-4359-8588-810D8799755E}.Ad-Hoc|Any CPU.Deploy.0 = Release|x86
		{12DA9608-0A57-4359-8588-810D8799755E}.Ad-Hoc|ARM.ActiveCfg = Release|ARM
		{12DA9608-0A57-4359-8588-810D8799755E}.Ad-Hoc|ARM.Build.0 = Release|ARM
		{12DA9608-0A57-4359-8588-810D8799755E}.Ad-Hoc|ARM.Deploy.0 = Release|ARM
		{12DA9608-0A57-4359-8588-810D8799755E}.Ad-Hoc|iPhone.ActiveCfg = Release|x86
		{12DA9608-0A57-4359-8588-810D8799755E}.Ad-Hoc|iPhone.Build.0 = Release|x86
		{12DA9608-0A57-4359-8588-810D8799755E}.Ad-Hoc|iPhone.Deploy.0 = Release|x86
		{12DA9608-0A57-4359-8588-810D8799755E}.Ad-Hoc|iPhoneSimulator.ActiveCfg = Release|x86
		{12DA9608-0A57-4359-8588-810D8799755E}.Ad-Hoc|iPhoneSimulator.Build.0 = Release|x86
		{12DA9608-0A57-4359-8588-810D8799755E}.Ad-Hoc|iPhoneSimulator.Deploy.0 = Release|x86
		{12DA9608-0A57-4359-8588-810D8799755E}.Ad-Hoc|x64.ActiveCfg = Release|x64
		{12DA9608-0A57-4359-8588-810D8799755E}.Ad-Hoc|x64.Build.0 = Release|x64
		{12DA9608-0A57-4359-8588-810D8799755E}.Ad-Hoc|x64.Deploy.0 = Release|x64
		{12DA9608-0A57-4359-8588-810D8799755E}.Ad-Hoc|x86.ActiveCfg = Release|x86
		{12DA9608-0A57-4359-8588-810D8799755E}.Ad-Hoc|x86.Build.0 = Release|x86
		{12DA9608-0A57-4359-8588-810D8799755E}.Ad-Hoc|x86.Deploy.0 = Release|x86
		{12DA9608-0A57-4359-8588-810D8799755E}.AppStore|Any CPU.ActiveCfg = Release|x86
		{12DA9608-0A57-4359-8588-810D8799755E}.AppStore|Any CPU.Build.0 = Release|x86
		{12DA9608-0A57-4359-8588-810D8799755E}.AppStore|Any CPU.Deploy.0 = Release|x86
		{12DA9608-0A57-4359-8588-810D8799755E}.AppStore|ARM.ActiveCfg = Release|ARM
		{12DA9608-0A57-4359-8588-810D8799755E}.AppStore|ARM.Build.0 = Release|ARM
		{12DA9608-0A57-4359-8588-810D8799755E}.AppStore|ARM.Deploy.0 = Release|ARM
		{12DA9608-0A57-4359-8588-810D8799755E}.AppStore|iPhone.ActiveCfg = Release|x86
		{12DA9608-0A57-4359-8588-810D8799755E}.AppStore|iPhone.Build.0 = Release|x86
		{12DA9608-0A57-4359-8588-810D8799755E}.AppStore|iPhone.Deploy.0 = Release|x86
		{12DA9608-0A57-4359-8588-810D8799755E}.AppStore|iPhoneSimulator.ActiveCfg = Release|x86
		{12DA9608-0A57-4359-8588-810D8799755E}.AppStore|iPhoneSimulator.Build.0 = Release|x86
		{12DA9608-0A57-4359-8588-810D8799755E}.AppStore|iPhoneSimulator.Deploy.0 = Release|x86
		{12DA9608-0A57-4359-8588-810D8799755E}.AppStore|x64.ActiveCfg = Release|x64
		{12DA9608-0A57-4359-8588-810D8799755E}.AppStore|x64.Build.0 = Release|x64
		{12DA9608-0A57-4359-8588-810D8799755E}.AppStore|x64.Deploy.0 = Release|x64
		{12DA9608-0A57-4359-8588-810D8799755E}.AppStore|x86.ActiveCfg = Release|x86
		{12DA9608-0A57-4359-8588-810D8799755E}.AppStore|x86.Build.0 = Release|x86
		{12DA9608-0A57-4359-8588-810D8799755E}.AppStore|x86.Deploy.0 = Release|x86
		{12DA9608-0A57-4359-8588-810D8799755E}.Debug|Any CPU.ActiveCfg = Debug|x86
		{12DA9608-0A57-4359-8588-810D8799755E}.Debug|ARM.ActiveCfg = Debug|ARM
		{12DA9608-0A57-4359-8588-810D8799755E}.Debug|ARM.Build.0 = Debug|ARM
		{12DA9608-0A57-4359-8588-810D8799755E}.Debug|ARM.Deploy.0 = Debug|ARM
		{12DA9608-0A57-4359-8588-810D8799755E}.Debug|iPhone.ActiveCfg = Debug|x86
		{12DA9608-0A57-4359-8588-810D8799755E}.Debug|iPhoneSimulator.ActiveCfg = Debug|x86
		{12DA9608-0A57-4359-8588-810D8799755E}.Debug|x64.ActiveCfg = Debug|x64
		{12DA9608-0A57-4359-8588-810D8799755E}.Debug|x64.Build.0 = Debug|x64
		{12DA9608-0A57-4359-8588-810D8799755E}.Debug|x64.Deploy.0 = Debug|x64
		{12DA9608-0A57-4359-8588-810D8799755E}.Debug|x86.ActiveCfg = Debug|x86
		{12DA9608-0A57-4359-8588-810D8799755E}.Debug|x86.Build.0 = Debug|x86
		{12DA9608-0A57-4359-8588-810D8799755E}.Debug|x86.Deploy.0 = Debug|x86
		{12DA9608-0A57-4359-8588-810D8799755E}.Release|Any CPU.ActiveCfg = Release|x86
		{12DA9608-0A57-4359-8588-810D8799755E}.Release|ARM.ActiveCfg = Release|ARM
		{12DA9608-0A57-4359-8588-810D8799755E}.Release|ARM.Build.0 = Release|ARM
		{12DA9608-0A57-4359-8588-810D8799755E}.Release|ARM.Deploy.0 = Release|ARM
		{12DA9608-0A57-4359-8588-810D8799755E}.Release|iPhone.ActiveCfg = Release|x86
		{12DA9608-0A57-4359-8588-810D8799755E}.Release|iPhoneSimulator.ActiveCfg = Release|x86
		{12DA9608-0A57-4359-8588-810D8799755E}.Release|x64.ActiveCfg = Release|x64
		{12DA9608-0A57-4359-8588-810D8799755E}.Release|x64.Build.0 = Release|x64
		{12DA9608-0A57-4359-8588-810D8799755E}.Release|x64.Deploy.0 = Release|x64
		{12DA9608-0A57-4359-8588-810D8799755E}.Release|x86.ActiveCfg = Release|x86
		{12DA9608-0A57-4359-8588-810D8799755E}.Release|x86.Build.0 = Release|x86
		{12DA9608-0A57-4359-8588-810D8799755E}.Release|x86.Deploy.0 = Release|x86
		{B649B70C-4761-4956-BC46-77F7D45B546C}.Ad-Hoc|Any CPU.ActiveCfg = Debug|Any CPU
		{B649B70C-4761-4956-BC46-77F7D45B546C}.Ad-Hoc|Any CPU.Build.0 = Debug|Any CPU
		{B649B70C-4761-4956-BC46-77F7D45B546C}.Ad-Hoc|ARM.ActiveCfg = Debug|Any CPU
		{B649B70C-4761-4956-BC46-77F7D45B546C}.Ad-Hoc|ARM.Build.0 = Debug|Any CPU
		{B649B70C-4761-4956-BC46-77F7D45B546C}.Ad-Hoc|iPhone.ActiveCfg = Debug|Any CPU
		{B649B70C-4761-4956-BC46-77F7D45B546C}.Ad-Hoc|iPhone.Build.0 = Debug|Any CPU
		{B649B70C-4761-4956-BC46-77F7D45B546C}.Ad-Hoc|iPhoneSimulator.ActiveCfg = Debug|Any CPU
		{B649B70C-4761-4956-BC46-77F7D45B546C}.Ad-Hoc|iPhoneSimulator.Build.0 = Debug|Any CPU
		{B649B70C-4761-4956-BC46-77F7D45B546C}.Ad-Hoc|x64.ActiveCfg = Debug|Any CPU
		{B649B70C-4761-4956-BC46-77F7D45B546C}.Ad-Hoc|x64.Build.0 = Debug|Any CPU
		{B649B70C-4761-4956-BC46-77F7D45B546C}.Ad-Hoc|x86.ActiveCfg = Debug|Any CPU
		{B649B70C-4761-4956-BC46-77F7D45B546C}.Ad-Hoc|x86.Build.0 = Debug|Any CPU
		{B649B70C-4761-4956-BC46-77F7D45B546C}.AppStore|Any CPU.ActiveCfg = Debug|Any CPU
		{B649B70C-4761-4956-BC46-77F7D45B546C}.AppStore|Any CPU.Build.0 = Debug|Any CPU
		{B649B70C-4761-4956-BC46-77F7D45B546C}.AppStore|ARM.ActiveCfg = Debug|Any CPU
		{B649B70C-4761-4956-BC46-77F7D45B546C}.AppStore|ARM.Build.0 = Debug|Any CPU
		{B649B70C-4761-4956-BC46-77F7D45B546C}.AppStore|iPhone.ActiveCfg = Debug|Any CPU
		{B649B70C-4761-4956-BC46-77F7D45B546C}.AppStore|iPhone.Build.0 = Debug|Any CPU
		{B649B70C-4761-4956-BC46-77F7D45B546C}.AppStore|iPhoneSimulator.ActiveCfg = Debug|Any CPU
		{B649B70C-4761-4956-BC46-77F7D45B546C}.AppStore|iPhoneSimulator.Build.0 = Debug|Any CPU
		{B649B70C-4761-4956-BC46-77F7D45B546C}.AppStore|x64.ActiveCfg = Debug|Any CPU
		{B649B70C-4761-4956-BC46-77F7D45B546C}.AppStore|x64.Build.0 = Debug|Any CPU
		{B649B70C-4761-4956-BC46-77F7D45B546C}.AppStore|x86.ActiveCfg = Debug|Any CPU
		{B649B70C-4761-4956-BC46-77F7D45B546C}.AppStore|x86.Build.0 = Debug|Any CPU
		{B649B70C-4761-4956-BC46-77F7D45B546C}.Debug|Any CPU.ActiveCfg = Debug|Any CPU
		{B649B70C-4761-4956-BC46-77F7D45B546C}.Debug|Any CPU.Build.0 = Debug|Any CPU
		{B649B70C-4761-4956-BC46-77F7D45B546C}.Debug|ARM.ActiveCfg = Debug|Any CPU
		{B649B70C-4761-4956-BC46-77F7D45B546C}.Debug|ARM.Build.0 = Debug|Any CPU
		{B649B70C-4761-4956-BC46-77F7D45B546C}.Debug|iPhone.ActiveCfg = Debug|Any CPU
		{B649B70C-4761-4956-BC46-77F7D45B546C}.Debug|iPhone.Build.0 = Debug|Any CPU
		{B649B70C-4761-4956-BC46-77F7D45B546C}.Debug|iPhoneSimulator.ActiveCfg = Debug|Any CPU
		{B649B70C-4761-4956-BC46-77F7D45B546C}.Debug|iPhoneSimulator.Build.0 = Debug|Any CPU
		{B649B70C-4761-4956-BC46-77F7D45B546C}.Debug|x64.ActiveCfg = Debug|Any CPU
		{B649B70C-4761-4956-BC46-77F7D45B546C}.Debug|x64.Build.0 = Debug|Any CPU
		{B649B70C-4761-4956-BC46-77F7D45B546C}.Debug|x86.ActiveCfg = Debug|Any CPU
		{B649B70C-4761-4956-BC46-77F7D45B546C}.Debug|x86.Build.0 = Debug|Any CPU
		{B649B70C-4761-4956-BC46-77F7D45B546C}.Release|Any CPU.ActiveCfg = Release|Any CPU
		{B649B70C-4761-4956-BC46-77F7D45B546C}.Release|Any CPU.Build.0 = Release|Any CPU
		{B649B70C-4761-4956-BC46-77F7D45B546C}.Release|ARM.ActiveCfg = Release|Any CPU
		{B649B70C-4761-4956-BC46-77F7D45B546C}.Release|ARM.Build.0 = Release|Any CPU
		{B649B70C-4761-4956-BC46-77F7D45B546C}.Release|iPhone.ActiveCfg = Release|Any CPU
		{B649B70C-4761-4956-BC46-77F7D45B546C}.Release|iPhone.Build.0 = Release|Any CPU
		{B649B70C-4761-4956-BC46-77F7D45B546C}.Release|iPhoneSimulator.ActiveCfg = Release|Any CPU
		{B649B70C-4761-4956-BC46-77F7D45B546C}.Release|iPhoneSimulator.Build.0 = Release|Any CPU
		{B649B70C-4761-4956-BC46-77F7D45B546C}.Release|x64.ActiveCfg = Release|Any CPU
		{B649B70C-4761-4956-BC46-77F7D45B546C}.Release|x64.Build.0 = Release|Any CPU
		{B649B70C-4761-4956-BC46-77F7D45B546C}.Release|x86.ActiveCfg = Release|Any CPU
		{B649B70C-4761-4956-BC46-77F7D45B546C}.Release|x86.Build.0 = Release|Any CPU
	EndGlobalSection
	GlobalSection(SolutionProperties) = preSolution
		HideSolutionNode = FALSE
	EndGlobalSection
	GlobalSection(ExtensibilityGlobals) = postSolution
		SolutionGuid = {E1D4029B-0B76-4A24-A8F5-2883FFA55F77}
	EndGlobalSection
EndGlobal
